
Microsoft Visual Studio Solution File, Format Version 11.00
# Visual Studio 2010
Project("{FAE04EC0-301F-11D3-BF4B-00C04F79EFBC}") = "Clover.Proxy", "Clover.Proxy\Clover.Proxy.csproj", "{CB6244C1-8960-40E0-9961-EBEB6D3F4534}"
EndProject
Project("{FAE04EC0-301F-11D3-BF4B-00C04F79EFBC}") = "UnitTest", "UnitTest\UnitTest.csproj", "{1576C482-8B1A-40A3-995E-682EC5099D1C}"
EndProject
Project("{2150E333-8FDC-42A3-9474-1A3956D46DE8}") = "Solution Items", "Solution Items", "{BEFF2B50-A453-4ED7-8496-38357345953E}"
	ProjectSection(SolutionItems) = preProject
		Clover.Proxy.vsmdi = Clover.Proxy.vsmdi
		Local.testsettings = Local.testsettings
		TraceAndTestImpact.testsettings = TraceAndTestImpact.testsettings
	EndProjectSection
EndProject
Global
	GlobalSection(TestCaseManagementSettings) = postSolution
		CategoryFile = Clover.Proxy.vsmdi
	EndGlobalSection
	GlobalSection(SolutionConfigurationPlatforms) = preSolution
		Debug|Any CPU = Debug|Any CPU
		Release|Any CPU = Release|Any CPU
	EndGlobalSection
	GlobalSection(ProjectConfigurationPlatforms) = postSolution
		{CB6244C1-8960-40E0-9961-EBEB6D3F4534}.Debug|Any CPU.ActiveCfg = Debug|Any CPU
		{CB6244C1-8960-40E0-9961-EBEB6D3F4534}.Debug|Any CPU.Build.0 = Debug|Any CPU
		{CB6244C1-8960-40E0-9961-EBEB6D3F4534}.Release|Any CPU.ActiveCfg = Release|Any CPU
		{CB6244C1-8960-40E0-9961-EBEB6D3F4534}.Release|Any CPU.Build.0 = Release|Any CPU
		{1576C482-8B1A-40A3-995E-682EC5099D1C}.Debug|Any CPU.ActiveCfg = Debug|Any CPU
		{1576C482-8B1A-40A3-995E-682EC5099D1C}.Debug|Any CPU.Build.0 = Debug|Any CPU
		{1576C482-8B1A-40A3-995E-682EC5099D1C}.Release|Any CPU.ActiveCfg = Release|Any CPU
		{1576C482-8B1A-40A3-995E-682EC5099D1C}.Release|Any CPU.Build.0 = Release|Any CPU
	EndGlobalSection
	GlobalSection(SolutionProperties) = preSolution
		HideSolutionNode = FALSE
	EndGlobalSection
EndGlobal
